// !$*UTF8*$!
{
	archiveVersion = 1;
	classes = {
	};
	objectVersion = 77;
	objects = {

/* Begin PBXBuildFile section */
		0470680ADE2F45AF53C9277D /* WireGuardTURN.xcframework in Frameworks */ = {isa = PBXBuildFile; fileRef = 99E2AC40D13D6F8DD598752A /* WireGuardTURN.xcframework */; };
		118478458E595AEBEEA20266 /* TunnelManager.swift in Sources */ = {isa = PBXBuildFile; fileRef = E74B178DC212A229BC8565F4 /* TunnelManager.swift */; };
		1B2231DF1954F65A65A76DF6 /* WireGuardTURN.xcframework in Frameworks */ = {isa = PBXBuildFile; fileRef = 99E2AC40D13D6F8DD598752A /* WireGuardTURN.xcframework */; };
		2263C90DC75E56A0D637B2B4 /* CredCache.swift in Sources */ = {isa = PBXBuildFile; fileRef = B72BF34DDA41B9171843CDA5 /* CredCache.swift */; };
		3F33AE79B74735B536FE1D31 /* SharedLogger.swift in Sources */ = {isa = PBXBuildFile; fileRef = A648919F90B0D8CBE826BC6E /* SharedLogger.swift */; };
		4FB5626AA1842BFC42564DBF /* PacketTunnel.appex in Embed Foundation Extensions */ = {isa = PBXBuildFile; fileRef = E28ACD6367F3CDE026C71A36 /* PacketTunnel.appex */; settings = {ATTRIBUTES = (RemoveHeadersOnCopy, ); }; };
		5474956678AC676C6E7AE2E6 /* Assets.xcassets in Resources */ = {isa = PBXBuildFile; fileRef = 50685ED014984982ABF8CF0C /* Assets.xcassets */; };
		5BFFE56605C7A3D0A4672924 /* VKTurnProxyApp.swift in Sources */ = {isa = PBXBuildFile; fileRef = FDE10D4B4A2BE32E0DD5E3D4 /* VKTurnProxyApp.swift */; };
		7D5BE8912D686FBFB3143EA1 /* NetworkExtension.framework in Frameworks */ = {isa = PBXBuildFile; fileRef = 605ED1D89D0F1886A8414767 /* NetworkExtension.framework */; };
		90CBABBC0C21BE682CF22ACF /* OSLogReader.swift in Sources */ = {isa = PBXBuildFile; fileRef = B579DDFDDB7800E681CAC9C4 /* OSLogReader.swift */; };
		96F82C428BBBE30E65182344 /* ContentView.swift in Sources */ = {isa = PBXBuildFile; fileRef = A3F6AB47B5515172AD460053 /* ContentView.swift */; };
		9FC59D2A14AA5E66C86F6C95 /* OSLogReader.swift in Sources */ = {isa = PBXBuildFile; fileRef = B579DDFDDB7800E681CAC9C4 /* OSLogReader.swift */; };
		B1B5B221672B08CCCC35BE51 /* PacketTunnelProvider.swift in Sources */ = {isa = PBXBuildFile; fileRef = 4D06132B25271A4E9DA8F0C6 /* PacketTunnelProvider.swift */; };
		CBF9B6203060C546C778DABA /* AppConfig.swift in Sources */ = {isa = PBXBuildFile; fileRef = AD358E048E7135E1596359E1 /* AppConfig.swift */; };
		E1250E1BF6D8FBFBCCFB25BF /* VKProfileCache.swift in Sources */ = {isa = PBXBuildFile; fileRef = 48CEB6CB28E1CC064B6D8C79 /* VKProfileCache.swift */; };
		F32EA8BA9CCC4E95BD4DFA12 /* NetworkExtension.framework in Frameworks */ = {isa = PBXBuildFile; fileRef = 605ED1D89D0F1886A8414767 /* NetworkExtension.framework */; };
		F5781EB3D4D7E0467DC2A5F5 /* SharedLogger.swift in Sources */ = {isa = PBXBuildFile; fileRef = A648919F90B0D8CBE826BC6E /* SharedLogger.swift */; };
		FD1864DD0B5915A3945CE086 /* BackupManager.swift in Sources */ = {isa = PBXBuildFile; fileRef = 4D13B015BF30B930DDDB8BBF /* BackupManager.swift */; };
/* End PBXBuildFile section */

/* Begin PBXContainerItemProxy section */
		DC1BB6D5C784F7552F468357 /* PBXContainerItemProxy */ = {
			isa = PBXContainerItemProxy;
			containerPortal = 5024C6C147B3FDF72E10E537 /* Project object */;
			proxyType = 1;
			remoteGlobalIDString = DC014AC2B8038EB7433CDED3;
			remoteInfo = PacketTunnel;
		};
/* End PBXContainerItemProxy section */

/* Begin PBXCopyFilesBuildPhase section */
		2350F4F39BFDD430EFA37AAC /* Embed Foundation Extensions */ = {
			isa = PBXCopyFilesBuildPhase;
			buildActionMask = 2147483647;
			dstPath = "";
			dstSubfolderSpec = 13;
			files = (
				4FB5626AA1842BFC42564DBF /* PacketTunnel.appex in Embed Foundation Extensions */,
			);
			name = "Embed Foundation Extensions";
			runOnlyForDeploymentPostprocessing = 0;
		};
/* End PBXCopyFilesBuildPhase section */

/* Begin PBXFileReference section */
		00AF3235469FAE0005F97B29 /* BridgeHeader.h */ = {isa = PBXFileReference; lastKnownFileType = sourcecode.c.h; path = BridgeHeader.h; sourceTree = "<group>"; };
		12A7A42ADDB7D021CA9C8352 /* VKTurnProxy.entitlements */ = {isa = PBXFileReference; lastKnownFileType = text.plist.entitlements; path = VKTurnProxy.entitlements; sourceTree = "<group>"; };
		3979E0E80EBC90588B51D4A5 /* Info.plist */ = {isa = PBXFileReference; lastKnownFileType = text.plist; path = Info.plist; sourceTree = "<group>"; };
		48CEB6CB28E1CC064B6D8C79 /* VKProfileCache.swift */ = {isa = PBXFileReference; lastKnownFileType = sourcecode.swift; path = VKProfileCache.swift; sourceTree = "<group>"; };
		4D06132B25271A4E9DA8F0C6 /* PacketTunnelProvider.swift */ = {isa = PBXFileReference; lastKnownFileType = sourcecode.swift; path = PacketTunnelProvider.swift; sourceTree = "<group>"; };
		4D13B015BF30B930DDDB8BBF /* BackupManager.swift */ = {isa = PBXFileReference; lastKnownFileType = sourcecode.swift; path = BackupManager.swift; sourceTree = "<group>"; };
		50685ED014984982ABF8CF0C /* Assets.xcassets */ = {isa = PBXFileReference; lastKnownFileType = folder.assetcatalog; path = Assets.xcassets; sourceTree = "<group>"; };
		605ED1D89D0F1886A8414767 /* NetworkExtension.framework */ = {isa = PBXFileReference; lastKnownFileType = wrapper.framework; name = NetworkExtension.framework; path = System/Library/Frameworks/NetworkExtension.framework; sourceTree = SDKROOT; };
		7342F754F29FF238732D4C8A /* VKTurnProxy.app */ = {isa = PBXFileReference; includeInIndex = 0; lastKnownFileType = wrapper.application; path = VKTurnProxy.app; sourceTree = BUILT_PRODUCTS_DIR; };
		99E2AC40D13D6F8DD598752A /* WireGuardTURN.xcframework */ = {isa = PBXFileReference; lastKnownFileType = wrapper.xcframework; name = WireGuardTURN.xcframework; path = ../WireGuardBridge/build/WireGuardTURN.xcframework; sourceTree = "<group>"; };
		A01BE3EACAF5D00A44A0D32E /* PacketTunnel.entitlements */ = {isa = PBXFileReference; lastKnownFileType = text.plist.entitlements; path = PacketTunnel.entitlements; sourceTree = "<group>"; };
		A3F6AB47B5515172AD460053 /* ContentView.swift */ = {isa = PBXFileReference; lastKnownFileType = sourcecode.swift; path = ContentView.swift; sourceTree = "<group>"; };
		A648919F90B0D8CBE826BC6E /* SharedLogger.swift */ = {isa = PBXFileReference; lastKnownFileType = sourcecode.swift; path = SharedLogger.swift; sourceTree = "<group>"; };
		ABD27AB0E7EC764C51D52D10 /* BridgeHeader.h */ = {isa = PBXFileReference; lastKnownFileType = sourcecode.c.h; path = BridgeHeader.h; sourceTree = "<group>"; };
		AD358E048E7135E1596359E1 /* AppConfig.swift */ = {isa = PBXFileReference; lastKnownFileType = sourcecode.swift; path = AppConfig.swift; sourceTree = "<group>"; };
		B579DDFDDB7800E681CAC9C4 /* OSLogReader.swift */ = {isa = PBXFileReference; lastKnownFileType = sourcecode.swift; path = OSLogReader.swift; sourceTree = "<group>"; };
		B72BF34DDA41B9171843CDA5 /* CredCache.swift */ = {isa = PBXFileReference; lastKnownFileType = sourcecode.swift; path = CredCache.swift; sourceTree = "<group>"; };
		E28ACD6367F3CDE026C71A36 /* PacketTunnel.appex */ = {isa = PBXFileReference; includeInIndex = 0; lastKnownFileType = "wrapper.app-extension"; path = PacketTunnel.appex; sourceTree = BUILT_PRODUCTS_DIR; };
		E74B178DC212A229BC8565F4 /* TunnelManager.swift */ = {isa = PBXFileReference; lastKnownFileType = sourcecode.swift; path = TunnelManager.swift; sourceTree = "<group>"; };
		F16CAECB3D91AC18F93D32C0 /* Info.plist */ = {isa = PBXFileReference; lastKnownFileType = text.plist; path = Info.plist; sourceTree = "<group>"; };
		FDE10D4B4A2BE32E0DD5E3D4 /* VKTurnProxyApp.swift */ = {isa = PBXFileReference; lastKnownFileType = sourcecode.swift; path = VKTurnProxyApp.swift; sourceTree = "<group>"; };
/* End PBXFileReference section */

/* Begin PBXFrameworksBuildPhase section */
		114FF967C949E675E2447A90 /* Frameworks */ = {
			isa = PBXFrameworksBuildPhase;
			buildActionMask = 2147483647;
			files = (
				1B2231DF1954F65A65A76DF6 /* WireGuardTURN.xcframework in Frameworks */,
				7D5BE8912D686FBFB3143EA1 /* NetworkExtension.framework in Frameworks */,
			);
			runOnlyForDeploymentPostprocessing = 0;
		};
		FDD4D50B4A2B8A282D81AE78 /* Frameworks */ = {
			isa = PBXFrameworksBuildPhase;
			buildActionMask = 2147483647;
			files = (
				F32EA8BA9CCC4E95BD4DFA12 /* NetworkExtension.framework in Frameworks */,
				0470680ADE2F45AF53C9277D /* WireGuardTURN.xcframework in Frameworks */,
			);
			runOnlyForDeploymentPostprocessing = 0;
		};
/* End PBXFrameworksBuildPhase section */

/* Begin PBXGroup section */
		05D165AC8B5B42686D871C6C /* PacketTunnel */ = {
			isa = PBXGroup;
			children = (
				ABD27AB0E7EC764C51D52D10 /* BridgeHeader.h */,
				F16CAECB3D91AC18F93D32C0 /* Info.plist */,
				A01BE3EACAF5D00A44A0D32E /* PacketTunnel.entitlements */,
				4D06132B25271A4E9DA8F0C6 /* PacketTunnelProvider.swift */,
			);
			path = PacketTunnel;
			sourceTree = "<group>";
		};
		150D6D20AA77CA102C2B0119 /* Products */ = {
			isa = PBXGroup;
			children = (
				E28ACD6367F3CDE026C71A36 /* PacketTunnel.appex */,
				7342F754F29FF238732D4C8A /* VKTurnProxy.app */,
			);
			name = Products;
			sourceTree = "<group>";
		};
		5FBB81F3908F682FDE2F7189 = {
			isa = PBXGroup;
			children = (
				05D165AC8B5B42686D871C6C /* PacketTunnel */,
				9C68AA12FFBB168491B35540 /* VKTurnProxy */,
				B6F1BD8B36C56C6FC2673195 /* Frameworks */,
				150D6D20AA77CA102C2B0119 /* Products */,
			);
			sourceTree = "<group>";
		};
		9C68AA12FFBB168491B35540 /* VKTurnProxy */ = {
			isa = PBXGroup;
			children = (
				AD358E048E7135E1596359E1 /* AppConfig.swift */,
				50685ED014984982ABF8CF0C /* Assets.xcassets */,
				4D13B015BF30B930DDDB8BBF /* BackupManager.swift */,
				00AF3235469FAE0005F97B29 /* BridgeHeader.h */,
				A3F6AB47B5515172AD460053 /* ContentView.swift */,
				B72BF34DDA41B9171843CDA5 /* CredCache.swift */,
				3979E0E80EBC90588B51D4A5 /* Info.plist */,
				B579DDFDDB7800E681CAC9C4 /* OSLogReader.swift */,
				A648919F90B0D8CBE826BC6E /* SharedLogger.swift */,
				E74B178DC212A229BC8565F4 /* TunnelManager.swift */,
				48CEB6CB28E1CC064B6D8C79 /* VKProfileCache.swift */,
				12A7A42ADDB7D021CA9C8352 /* VKTurnProxy.entitlements */,
				FDE10D4B4A2BE32E0DD5E3D4 /* VKTurnProxyApp.swift */,
			);
			path = VKTurnProxy;
			sourceTree = "<group>";
		};
		B6F1BD8B36C56C6FC2673195 /* Frameworks */ = {
			isa = PBXGroup;
			children = (
				605ED1D89D0F1886A8414767 /* NetworkExtension.framework */,
				99E2AC40D13D6F8DD598752A /* WireGuardTURN.xcframework */,
			);
			name = Frameworks;
			sourceTree = "<group>";
		};
/* End PBXGroup section */

/* Begin PBXNativeTarget section */
		41C7426A4820CE681FCBDC8E /* VKTurnProxy */ = {
			isa = PBXNativeTarget;
			buildConfigurationList = 1EE330B93CD2DA7A4D1D289C /* Build configuration list for PBXNativeTarget "VKTurnProxy" */;
			buildPhases = (
				DDF7D137E68B787F0672E4CA /* Sources */,
				B67F24B52097C82D38E1E6A8 /* Resources */,
				FDD4D50B4A2B8A282D81AE78 /* Frameworks */,
				2350F4F39BFDD430EFA37AAC /* Embed Foundation Extensions */,
			);
			buildRules = (
			);
			dependencies = (
				0970FFC8ED62B8D5E5A59EEE /* PBXTargetDependency */,
			);
			name = VKTurnProxy;
			packageProductDependencies = (
			);
			productName = VKTurnProxy;
			productReference = 7342F754F29FF238732D4C8A /* VKTurnProxy.app */;
			productType = "com.apple.product-type.application";
		};
		DC014AC2B8038EB7433CDED3 /* PacketTunnel */ = {
			isa = PBXNativeTarget;
			buildConfigurationList = A122D85CEA5800B49878FEA2 /* Build configuration list for PBXNativeTarget "PacketTunnel" */;
			buildPhases = (
				00033807B895DA426D3747A8 /* Sources */,
				114FF967C949E675E2447A90 /* Frameworks */,
			);
			buildRules = (
			);
			dependencies = (
			);
			name = PacketTunnel;
			packageProductDependencies = (
			);
			productName = PacketTunnel;
			productReference = E28ACD6367F3CDE026C71A36 /* PacketTunnel.appex */;
			productType = "com.apple.product-type.app-extension";
		};
/* End PBXNativeTarget section */

/* Begin PBXProject section */
		5024C6C147B3FDF72E10E537 /* Project object */ = {
			isa = PBXProject;
			attributes = {
				BuildIndependentTargetsInParallel = YES;
				LastUpgradeCheck = 1620;
				TargetAttributes = {
					41C7426A4820CE681FCBDC8E = {
						DevelopmentTeam = CDMQ33VFQC;
						ProvisioningStyle = Automatic;
					};
					DC014AC2B8038EB7433CDED3 = {
						DevelopmentTeam = CDMQ33VFQC;
						ProvisioningStyle = Automatic;
					};
				};
			};
			buildConfigurationList = A19B76F5B4AEC0D6FAAB8FE2 /* Build configuration list for PBXProject "VKTurnProxy" */;
			developmentRegion = en;
			hasScannedForEncodings = 0;
			knownRegions = (
				Base,
				en,
			);
			mainGroup = 5FBB81F3908F682FDE2F7189;
			minimizedProjectReferenceProxies = 1;
			preferredProjectObjectVersion = 77;
			productRefGroup = 150D6D20AA77CA102C2B0119 /* Products */;
			projectDirPath = "";
			projectRoot = "";
			targets = (
				DC014AC2B8038EB7433CDED3 /* PacketTunnel */,
				41C7426A4820CE681FCBDC8E /* VKTurnProxy */,
			);
		};
/* End PBXProject section */

/* Begin PBXResourcesBuildPhase section */
		B67F24B52097C82D38E1E6A8 /* Resources */ = {
			isa = PBXResourcesBuildPhase;
			buildActionMask = 2147483647;
			files = (
				5474956678AC676C6E7AE2E6 /* Assets.xcassets in Resources */,
			);
			runOnlyForDeploymentPostprocessing = 0;
		};
/* End PBXResourcesBuildPhase section */

/* Begin PBXSourcesBuildPhase section */
		00033807B895DA426D3747A8 /* Sources */ = {
			isa = PBXSourcesBuildPhase;
			buildActionMask = 2147483647;
			files = (
				90CBABBC0C21BE682CF22ACF /* OSLogReader.swift in Sources */,
				B1B5B221672B08CCCC35BE51 /* PacketTunnelProvider.swift in Sources */,
				3F33AE79B74735B536FE1D31 /* SharedLogger.swift in Sources */,
			);
			runOnlyForDeploymentPostprocessing = 0;
		};
		DDF7D137E68B787F0672E4CA /* Sources */ = {
			isa = PBXSourcesBuildPhase;
			buildActionMask = 2147483647;
			files = (
				CBF9B6203060C546C778DABA /* AppConfig.swift in Sources */,
				FD1864DD0B5915A3945CE086 /* BackupManager.swift in Sources */,
				96F82C428BBBE30E65182344 /* ContentView.swift in Sources */,
				2263C90DC75E56A0D637B2B4 /* CredCache.swift in Sources */,
				9FC59D2A14AA5E66C86F6C95 /* OSLogReader.swift in Sources */,
				F5781EB3D4D7E0467DC2A5F5 /* SharedLogger.swift in Sources */,
				118478458E595AEBEEA20266 /* TunnelManager.swift in Sources */,
				E1250E1BF6D8FBFBCCFB25BF /* VKProfileCache.swift in Sources */,
				5BFFE56605C7A3D0A4672924 /* VKTurnProxyApp.swift in Sources */,
			);
			runOnlyForDeploymentPostprocessing = 0;
		};
/* End PBXSourcesBuildPhase section */

/* Begin PBXTargetDependency section */
		0970FFC8ED62B8D5E5A59EEE /* PBXTargetDependency */ = {
			isa = PBXTargetDependency;
			target = DC014AC2B8038EB7433CDED3 /* PacketTunnel */;
			targetProxy = DC1BB6D5C784F7552F468357 /* PBXContainerItemProxy */;
		};
/* End PBXTargetDependency section */

/* Begin XCBuildConfiguration section */
		187C51EAE9A8A11FDD60BE52 /* Debug */ = {
			isa = XCBuildConfiguration;
			buildSettings = {
				CODE_SIGN_ENTITLEMENTS = PacketTunnel/PacketTunnel.entitlements;
				CURRENT_PROJECT_VERSION = 156;
				FRAMEWORK_SEARCH_PATHS = (
					"$(inherited)",
					"$(PROJECT_DIR)/../WireGuardBridge/build",
					"\"../WireGuardBridge/build\"",
				);
				INFOPLIST_FILE = PacketTunnel/Info.plist;
				LD_RUNPATH_SEARCH_PATHS = (
					"$(inherited)",
					"@executable_path/Frameworks",
					"@executable_path/../../Frameworks",
				);
				MARKETING_VERSION = 1.0;
				OTHER_LDFLAGS = (
					"-lresolv",
				);
				PRODUCT_BUNDLE_IDENTIFIER = com.vkturnproxy.app.tunnel;
				SDKROOT = iphoneos;
				SKIP_INSTALL = YES;
				SWIFT_OBJC_BRIDGING_HEADER = PacketTunnel/BridgeHeader.h;
				TARGETED_DEVICE_FAMILY = "1,2";
			};
			name = Debug;
		};
		3CFF4F04A3834FD7F0EEF873 /* Debug */ = {
			isa = XCBuildConfiguration;
			buildSettings = {
				ASSETCATALOG_COMPILER_APPICON_NAME = AppIcon;
				CODE_SIGN_ENTITLEMENTS = VKTurnProxy/VKTurnProxy.entitlements;
				CODE_SIGN_IDENTITY = "iPhone Developer";
				CURRENT_PROJECT_VERSION = 156;
				FRAMEWORK_SEARCH_PATHS = (
					"$(inherited)",
					"$(PROJECT_DIR)/../WireGuardBridge/build",
					"\"../WireGuardBridge/build\"",
				);
				INFOPLIST_FILE = VKTurnProxy/Info.plist;
				LD_RUNPATH_SEARCH_PATHS = (
					"$(inherited)",
					"@executable_path/Frameworks",
				);
				MARKETING_VERSION = 1.0;
				OTHER_LDFLAGS = (
					"-lresolv",
				);
				PRODUCT_BUNDLE_IDENTIFIER = com.vkturnproxy.app;
				SDKROOT = iphoneos;
				SWIFT_OBJC_BRIDGING_HEADER = VKTurnProxy/BridgeHeader.h;
				TARGETED_DEVICE_FAMILY = "1,2";
			};
			name = Debug;
		};
		4DB4E82DD69B063B5EFE4CB2 /* Release */ = {
			isa = XCBuildConfiguration;
			buildSettings = {
				CODE_SIGN_ENTITLEMENTS = PacketTunnel/PacketTunnel.entitlements;
				CURRENT_PROJECT_VERSION = 156;
				FRAMEWORK_SEARCH_PATHS = (
					"$(inherited)",
					"$(PROJECT_DIR)/../WireGuardBridge/build",
					"\"../WireGuardBridge/build\"",
				);
				INFOPLIST_FILE = PacketTunnel/Info.plist;
				LD_RUNPATH_SEARCH_PATHS = (
					"$(inherited)",
					"@executable_path/Frameworks",
					"@executable_path/../../Frameworks",
				);
				MARKETING_VERSION = 1.0;
				OTHER_LDFLAGS = (
					"-lresolv",
				);
				PRODUCT_BUNDLE_IDENTIFIER = com.vkturnproxy.app.tunnel;
				SDKROOT = iphoneos;
				SKIP_INSTALL = YES;
				SWIFT_OBJC_BRIDGING_HEADER = PacketTunnel/BridgeHeader.h;
				TARGETED_DEVICE_FAMILY = "1,2";
			};
			name = Release;
		};
		6AD31CFB046892E438EE1322 /* Debug */ = {
			isa = XCBuildConfiguration;
			buildSettings = {
				ALWAYS_SEARCH_USER_PATHS = NO;
				CLANG_ANALYZER_NONNULL = YES;
				CLANG_ANALYZER_NUMBER_OBJECT_CONVERSION = YES_AGGRESSIVE;
				CLANG_CXX_LANGUAGE_STANDARD = "gnu++14";
				CLANG_CXX_LIBRARY = "libc++";
				CLANG_ENABLE_MODULES = YES;
				CLANG_ENABLE_OBJC_ARC = YES;
				CLANG_ENABLE_OBJC_WEAK = YES;
				CLANG_WARN_BLOCK_CAPTURE_AUTORELEASING = YES;
				CLANG_WARN_BOOL_CONVERSION = YES;
				CLANG_WARN_COMMA = YES;
				CLANG_WARN_CONSTANT_CONVERSION = YES;
				CLANG_WARN_DEPRECATED_OBJC_IMPLEMENTATIONS = YES;
				CLANG_WARN_DIRECT_OBJC_ISA_USAGE = YES_ERROR;
				CLANG_WARN_DOCUMENTATION_COMMENTS = YES;
				CLANG_WARN_EMPTY_BODY = YES;
				CLANG_WARN_ENUM_CONVERSION = YES;
				CLANG_WARN_INFINITE_RECURSION = YES;
				CLANG_WARN_INT_CONVERSION = YES;
				CLANG_WARN_NON_LITERAL_NULL_CONVERSION = YES;
				CLANG_WARN_OBJC_IMPLICIT_RETAIN_SELF = YES;
				CLANG_WARN_OBJC_LITERAL_CONVERSION = YES;
				CLANG_WARN_OBJC_ROOT_CLASS = YES_ERROR;
				CLANG_WARN_QUOTED_INCLUDE_IN_FRAMEWORK_HEADER = YES;
				CLANG_WARN_RANGE_LOOP_ANALYSIS = YES;
				CLANG_WARN_STRICT_PROTOTYPES = YES;
				CLANG_WARN_SUSPICIOUS_MOVE = YES;
				CLANG_WARN_UNGUARDED_AVAILABILITY = YES_AGGRESSIVE;
				CLANG_WARN_UNREACHABLE_CODE = YES;
				CLANG_WARN__DUPLICATE_METHOD_MATCH = YES;
				CODE_SIGN_STYLE = Automatic;
				COPY_PHASE_STRIP = NO;
				DEBUG_INFORMATION_FORMAT = dwarf;
				DEVELOPMENT_TEAM = CDMQ33VFQC;
				ENABLE_STRICT_OBJC_MSGSEND = YES;
				ENABLE_TESTABILITY = YES;
				GCC_C_LANGUAGE_STANDARD = gnu11;
				GCC_DYNAMIC_NO_PIC = NO;
				GCC_NO_COMMON_BLOCKS = YES;
				GCC_OPTIMIZATION_LEVEL = 0;
				GCC_PREPROCESSOR_DEFINITIONS = (
					"$(inherited)",
					"DEBUG=1",
				);
				GCC_WARN_64_TO_32_BIT_CONVERSION = YES;
				GCC_WARN_ABOUT_RETURN_TYPE = YES_ERROR;
				GCC_WARN_UNDECLARED_SELECTOR = YES;
				GCC_WARN_UNINITIALIZED_AUTOS = YES_AGGRESSIVE;
				GCC_WARN_UNUSED_FUNCTION = YES;
				GCC_WARN_UNUSED_VARIABLE = YES;
				IPHONEOS_DEPLOYMENT_TARGET = 15.0;
				MTL_ENABLE_DEBUG_INFO = INCLUDE_SOURCE;
				MTL_FAST_MATH = YES;
				ONLY_ACTIVE_ARCH = YES;
				PRODUCT_NAME = "$(TARGET_NAME)";
				SDKROOT = iphoneos;
				SWIFT_ACTIVE_COMPILATION_CONDITIONS = DEBUG;
				SWIFT_OPTIMIZATION_LEVEL = "-Onone";
				SWIFT_VERSION = 5.0;
			};
			name = Debug;
		};
		848A2BACF05A1B10E8306F28 /* Release */ = {
			isa = XCBuildConfiguration;
			buildSettings = {
				ASSETCATALOG_COMPILER_APPICON_NAME = AppIcon;
				CODE_SIGN_ENTITLEMENTS = VKTurnProxy/VKTurnProxy.entitlements;
				CODE_SIGN_IDENTITY = "iPhone Developer";
				CURRENT_PROJECT_VERSION = 156;
				FRAMEWORK_SEARCH_PATHS = (
					"$(inherited)",
					"$(PROJECT_DIR)/../WireGuardBridge/build",
					"\"../WireGuardBridge/build\"",
				);
				INFOPLIST_FILE = VKTurnProxy/Info.plist;
				LD_RUNPATH_SEARCH_PATHS = (
					"$(inherited)",
					"@executable_path/Frameworks",
				);
				MARKETING_VERSION = 1.0;
				OTHER_LDFLAGS = (
					"-lresolv",
				);
				PRODUCT_BUNDLE_IDENTIFIER = com.vkturnproxy.app;
				SDKROOT = iphoneos;
				SWIFT_OBJC_BRIDGING_HEADER = VKTurnProxy/BridgeHeader.h;
				TARGETED_DEVICE_FAMILY = "1,2";
			};
			name = Release;
		};
		D8BCE6B26E87112B6AE94007 /* Release */ = {
			isa = XCBuildConfiguration;
			buildSettings = {
				ALWAYS_SEARCH_USER_PATHS = NO;
				CLANG_ANALYZER_NONNULL = YES;
				CLANG_ANALYZER_NUMBER_OBJECT_CONVERSION = YES_AGGRESSIVE;
				CLANG_CXX_LANGUAGE_STANDARD = "gnu++14";
				CLANG_CXX_LIBRARY = "libc++";
				CLANG_ENABLE_MODULES = YES;
				CLANG_ENABLE_OBJC_ARC = YES;
				CLANG_ENABLE_OBJC_WEAK = YES;
				CLANG_WARN_BLOCK_CAPTURE_AUTORELEASING = YES;
				CLANG_WARN_BOOL_CONVERSION = YES;
				CLANG_WARN_COMMA = YES;
				CLANG_WARN_CONSTANT_CONVERSION = YES;
				CLANG_WARN_DEPRECATED_OBJC_IMPLEMENTATIONS = YES;
				CLANG_WARN_DIRECT_OBJC_ISA_USAGE = YES_ERROR;
				CLANG_WARN_DOCUMENTATION_COMMENTS = YES;
				CLANG_WARN_EMPTY_BODY = YES;
				CLANG_WARN_ENUM_CONVERSION = YES;
				CLANG_WARN_INFINITE_RECURSION = YES;
				CLANG_WARN_INT_CONVERSION = YES;
				CLANG_WARN_NON_LITERAL_NULL_CONVERSION = YES;
				CLANG_WARN_OBJC_IMPLICIT_RETAIN_SELF = YES;
				CLANG_WARN_OBJC_LITERAL_CONVERSION = YES;
				CLANG_WARN_OBJC_ROOT_CLASS = YES_ERROR;
				CLANG_WARN_QUOTED_INCLUDE_IN_FRAMEWORK_HEADER = YES;
				CLANG_WARN_RANGE_LOOP_ANALYSIS = YES;
				CLANG_WARN_STRICT_PROTOTYPES = YES;
				CLANG_WARN_SUSPICIOUS_MOVE = YES;
				CLANG_WARN_UNGUARDED_AVAILABILITY = YES_AGGRESSIVE;
				CLANG_WARN_UNREACHABLE_CODE = YES;
				CLANG_WARN__DUPLICATE_METHOD_MATCH = YES;
				CODE_SIGN_STYLE = Automatic;
				COPY_PHASE_STRIP = NO;
				DEBUG_INFORMATION_FORMAT = "dwarf-with-dsym";
				DEVELOPMENT_TEAM = CDMQ33VFQC;
				ENABLE_NS_ASSERTIONS = NO;
				ENABLE_STRICT_OBJC_MSGSEND = YES;
				GCC_C_LANGUAGE_STANDARD = gnu11;
				GCC_NO_COMMON_BLOCKS = YES;
				GCC_WARN_64_TO_32_BIT_CONVERSION = YES;
				GCC_WARN_ABOUT_RETURN_TYPE = YES_ERROR;
				GCC_WARN_UNDECLARED_SELECTOR = YES;
				GCC_WARN_UNINITIALIZED_AUTOS = YES_AGGRESSIVE;
				GCC_WARN_UNUSED_FUNCTION = YES;
				GCC_WARN_UNUSED_VARIABLE = YES;
				IPHONEOS_DEPLOYMENT_TARGET = 15.0;
				MTL_ENABLE_DEBUG_INFO = NO;
				MTL_FAST_MATH = YES;
				PRODUCT_NAME = "$(TARGET_NAME)";
				SDKROOT = iphoneos;
				SWIFT_COMPILATION_MODE = wholemodule;
				SWIFT_OPTIMIZATION_LEVEL = "-O";
				SWIFT_VERSION = 5.0;
			};
			name = Release;
		};
/* End XCBuildConfiguration section */

/* Begin XCConfigurationList section */
		1EE330B93CD2DA7A4D1D289C /* Build configuration list for PBXNativeTarget "VKTurnProxy" */ = {
			isa = XCConfigurationList;
			buildConfigurations = (
				3CFF4F04A3834FD7F0EEF873 /* Debug */,
				848A2BACF05A1B10E8306F28 /* Release */,
			);
			defaultConfigurationIsVisible = 0;
			defaultConfigurationName = Debug;
		};
		A122D85CEA5800B49878FEA2 /* Build configuration list for PBXNativeTarget "PacketTunnel" */ = {
			isa = XCConfigurationList;
			buildConfigurations = (
				187C51EAE9A8A11FDD60BE52 /* Debug */,
				4DB4E82DD69B063B5EFE4CB2 /* Release */,
			);
			defaultConfigurationIsVisible = 0;
			defaultConfigurationName = Debug;
		};
		A19B76F5B4AEC0D6FAAB8FE2 /* Build configuration list for PBXProject "VKTurnProxy" */ = {
			isa = XCConfigurationList;
			buildConfigurations = (
				6AD31CFB046892E438EE1322 /* Debug */,
				D8BCE6B26E87112B6AE94007 /* Release */,
			);
			defaultConfigurationIsVisible = 0;
			defaultConfigurationName = Debug;
		};
/* End XCConfigurationList section */
	};
	rootObject = 5024C6C147B3FDF72E10E537 /* Project object */;
}
